
Microsoft Visual Studio Solution File, Format Version 12.00
# Visual Studio Version 17
VisualStudioVersion = 17.9.34902.65
MinimumVisualStudioVersion = 10.0.40219.1
Project("{9A19103F-16F7-4668-BE54-9A1E7A4F7556}") = "GitFyle.Core.Api", "GitFyle.Core.Api\GitFyle.Core.Api.csproj", "{BDB061ED-6610-4C3E-80E9-537BFE08EDC9}"
EndProject
Project("{9A19103F-16F7-4668-BE54-9A1E7A4F7556}") = "GitFyle.Core.Infrastructure", "GitFyle.Core.Infrastructure\GitFyle.Core.Infrastructure.csproj", "{888F927E-06AA-4652-A67E-FEBD1A449DCC}"
EndProject
Project("{9A19103F-16F7-4668-BE54-9A1E7A4F7556}") = "GitFyle.Core.Api.Tests.Unit", "GitFyle.Core.Api.Tests.Unit\GitFyle.Core.Api.Tests.Unit.csproj", "{4958E09C-F0F6-490C-8758-037F2BD588C7}"
EndProject
Project("{9A19103F-16F7-4668-BE54-9A1E7A4F7556}") = "GitFyle.Core.Api.Tests.Acceptance", "GitFyle.Core.Api.Tests.Acceptance\GitFyle.Core.Api.Tests.Acceptance.csproj", "{078B3B1F-67AE-4399-AA59-CE503F07F7BD}"
EndProject
Global
	GlobalSection(SolutionConfigurationPlatforms) = preSolution
		Debug|Any CPU = Debug|Any CPU
		Release|Any CPU = Release|Any CPU
	EndGlobalSection
	GlobalSection(ProjectConfigurationPlatforms) = postSolution
		{BDB061ED-6610-4C3E-80E9-537BFE08EDC9}.Debug|Any CPU.ActiveCfg = Debug|Any CPU
		{BDB061ED-6610-4C3E-80E9-537BFE08EDC9}.Debug|Any CPU.Build.0 = Debug|Any CPU
		{BDB061ED-6610-4C3E-80E9-537BFE08EDC9}.Release|Any CPU.ActiveCfg = Release|Any CPU
		{BDB061ED-6610-4C3E-80E9-537BFE08EDC9}.Release|Any CPU.Build.0 = Release|Any CPU
		{888F927E-06AA-4652-A67E-FEBD1A449DCC}.Debug|Any CPU.ActiveCfg = Debug|Any CPU
		{888F927E-06AA-4652-A67E-FEBD1A449DCC}.Debug|Any CPU.Build.0 = Debug|Any CPU
		{888F927E-06AA-4652-A67E-FEBD1A449DCC}.Release|Any CPU.ActiveCfg = Release|Any CPU
		{888F927E-06AA-4652-A67E-FEBD1A449DCC}.Release|Any CPU.Build.0 = Release|Any CPU
		{4958E09C-F0F6-490C-8758-037F2BD588C7}.Debug|Any CPU.ActiveCfg = Debug|Any CPU
		{4958E09C-F0F6-490C-8758-037F2BD588C7}.Debug|Any CPU.Build.0 = Debug|Any CPU
		{4958E09C-F0F6-490C-8758-037F2BD588C7}.Release|Any CPU.ActiveCfg = Release|Any CPU
		{4958E09C-F0F6-490C-8758-037F2BD588C7}.Release|Any CPU.Build.0 = Release|Any CPU
		{078B3B1F-67AE-4399-AA59-CE503F07F7BD}.Debug|Any CPU.ActiveCfg = Debug|Any CPU
		{078B3B1F-67AE-4399-AA59-CE503F07F7BD}.Debug|Any CPU.Build.0 = Debug|Any CPU
		{078B3B1F-67AE-4399-AA59-CE503F07F7BD}.Release|Any CPU.ActiveCfg = Release|Any CPU
		{078B3B1F-67AE-4399-AA59-CE503F07F7BD}.Release|Any CPU.Build.0 = Release|Any CPU
	EndGlobalSection
	GlobalSection(SolutionProperties) = preSolution
		HideSolutionNode = FALSE
	EndGlobalSection
	GlobalSection(ExtensibilityGlobals) = postSolution
		SolutionGuid = {985C3C9F-B5AE-4760-9B81-B6892D5245B5}
	EndGlobalSection
EndGlobal
