
Microsoft Visual Studio Solution File, Format Version 12.00
# Visual Studio Version 17
VisualStudioVersion = 17.10.34928.147
MinimumVisualStudioVersion = 10.0.40219.1
Project("{FAE04EC0-301F-11D3-BF4B-00C04F79EFBC}") = "GitFyle.Core.Api", "GitFyle.Core.Api\GitFyle.Core.Api.csproj", "{A1AB2EE0-481F-4039-95C2-3F85DF97BDD1}"
EndProject
Global
	GlobalSection(SolutionConfigurationPlatforms) = preSolution
		Debug|Any CPU = Debug|Any CPU
		Release|Any CPU = Release|Any CPU
	EndGlobalSection
	GlobalSection(ProjectConfigurationPlatforms) = postSolution
		{A1AB2EE0-481F-4039-95C2-3F85DF97BDD1}.Debug|Any CPU.ActiveCfg = Debug|Any CPU
		{A1AB2EE0-481F-4039-95C2-3F85DF97BDD1}.Debug|Any CPU.Build.0 = Debug|Any CPU
		{A1AB2EE0-481F-4039-95C2-3F85DF97BDD1}.Release|Any CPU.ActiveCfg = Release|Any CPU
		{A1AB2EE0-481F-4039-95C2-3F85DF97BDD1}.Release|Any CPU.Build.0 = Release|Any CPU
	EndGlobalSection
	GlobalSection(SolutionProperties) = preSolution
		HideSolutionNode = FALSE
	EndGlobalSection
	GlobalSection(ExtensibilityGlobals) = postSolution
		SolutionGuid = {D3AD840C-929D-4538-A2C7-1ED3AFD07C72}
	EndGlobalSection
EndGlobal
